
Microsoft Visual Studio Solution File, Format Version 12.00
Project("{FAE04EC0-301F-11D3-BF4B-00C04F79EFBC}") = "Buhler.DevChallenge", "Buhler.DevChallenge.csproj", "{751A0841-8699-4E1A-ACA4-9C06475F9FAE}"
EndProject
Global
	GlobalSection(SolutionConfigurationPlatforms) = preSolution
		Debug|Any CPU = Debug|Any CPU
		Release|Any CPU = Release|Any CPU
	EndGlobalSection
	GlobalSection(ProjectConfigurationPlatforms) = postSolution
		{751A0841-8699-4E1A-ACA4-9C06475F9FAE}.Debug|Any CPU.ActiveCfg = Debug|Any CPU
		{751A0841-8699-4E1A-ACA4-9C06475F9FAE}.Debug|Any CPU.Build.0 = Debug|Any CPU
		{751A0841-8699-4E1A-ACA4-9C06475F9FAE}.Release|Any CPU.ActiveCfg = Release|Any CPU
		{751A0841-8699-4E1A-ACA4-9C06475F9FAE}.Release|Any CPU.Build.0 = Release|Any CPU
	EndGlobalSection
EndGlobal
